
Microsoft Visual Studio Solution File, Format Version 12.00
# Visual Studio Version 17
VisualStudioVersion = 17.11.35222.181
MinimumVisualStudioVersion = 10.0.40219.1
Project("{2150E333-8FDC-42A3-9474-1A3956D46DE8}") = "Task0", "Task0", "{5E0DDBB3-2830-439C-9276-70A0BB5744D8}"
EndProject
Project("{9A19103F-16F7-4668-BE54-9A1E7A4F7556}") = "Tyuiu.SaigafarovBI.Sprint5.Task0.V15", "Tyuiu.SaigafarovBI.Sprint5.Task0.V15\Tyuiu.SaigafarovBI.Sprint5.Task0.V15.csproj", "{761894A9-3DB0-4ADE-A804-23FBFD0A8D5B}"
EndProject
Project("{9A19103F-16F7-4668-BE54-9A1E7A4F7556}") = "Tyuiu.SaigafarovBI.Sprint5.Task0.V15.Lib", "Tyuiu.SaigafarovBI.Sprint5.Task0.V15.Lib\Tyuiu.SaigafarovBI.Sprint5.Task0.V15.Lib.csproj", "{0879B41B-86F2-449C-81BE-8528601222BB}"
EndProject
Project("{9A19103F-16F7-4668-BE54-9A1E7A4F7556}") = "Tyuiu.SaigafarovBI.Sprint5.Task0.V15.Test", "Tyuiu.SaigafarovBI.Sprint5.Task0.V15.Test\Tyuiu.SaigafarovBI.Sprint5.Task0.V15.Test.csproj", "{516D5488-CC32-4C20-A8C4-3EAF704D6BDC}"
EndProject
Project("{2150E333-8FDC-42A3-9474-1A3956D46DE8}") = "Task1", "Task1", "{BFDCD087-36EE-4123-9E2D-F9772993C1E4}"
EndProject
Project("{9A19103F-16F7-4668-BE54-9A1E7A4F7556}") = "Tyuiu.SaigafarovBI.Sprint5.Task1.V20", "Tyuiu.SaigafarovBI.Sprint5.Task1.V20\Tyuiu.SaigafarovBI.Sprint5.Task1.V20.csproj", "{61254A19-E934-437C-8940-A1B0FBEB2D05}"
EndProject
Project("{9A19103F-16F7-4668-BE54-9A1E7A4F7556}") = "Tyuiu.SaigafarovBI.Sprint5.Task1.V20.Lib", "Tyuiu.SaigafarovBI.Sprint5.Task1.V20.Lib\Tyuiu.SaigafarovBI.Sprint5.Task1.V20.Lib.csproj", "{1014740B-13A3-4C94-A044-A77B7D39C7E5}"
EndProject
Project("{9A19103F-16F7-4668-BE54-9A1E7A4F7556}") = "Tyuiu.SaigafarovBI.Sprint5.Task1.V20.Test", "Tyuiu.SaigafarovBI.Sprint5.Task1.V20.Test\Tyuiu.SaigafarovBI.Sprint5.Task1.V20.Test.csproj", "{8F6686CB-0D81-48F6-A757-921F7BC95C4E}"
EndProject
Project("{2150E333-8FDC-42A3-9474-1A3956D46DE8}") = "Task2", "Task2", "{EDB15ED5-C1F2-404D-B118-E073BB8309A2}"
EndProject
Project("{FAE04EC0-301F-11D3-BF4B-00C04F79EFBC}") = "Tyuiu.SaigafarovBI.Sprint5.Task2.V3", "Tyuiu.SaigafarovBI.Sprint5.Task2.V3\Tyuiu.SaigafarovBI.Sprint5.Task2.V3.csproj", "{9E471D5F-8953-4F8D-BCE6-D1BD34B95F2E}"
EndProject
Project("{FAE04EC0-301F-11D3-BF4B-00C04F79EFBC}") = "Tyuiu.SaigafarovBI.Sprint5.Task2.V3.Lib", "Tyuiu.SaigafarovBI.Sprint5.Task2.V3.Lib\Tyuiu.SaigafarovBI.Sprint5.Task2.V3.Lib.csproj", "{88110C1E-31CF-49F1-9AFF-36AEB5280FF2}"
EndProject
Project("{FAE04EC0-301F-11D3-BF4B-00C04F79EFBC}") = "Tyuiu.SaigafarovBI.Sprint5.Task2.V3.Test", "Tyuiu.SaigafarovBI.Sprint5.Task2.V3.Test\Tyuiu.SaigafarovBI.Sprint5.Task2.V3.Test.csproj", "{2B598E87-CE04-4D1D-B9D6-56EF7F9B0D0D}"
EndProject
Global
	GlobalSection(SolutionConfigurationPlatforms) = preSolution
		Debug|Any CPU = Debug|Any CPU
		Release|Any CPU = Release|Any CPU
	EndGlobalSection
	GlobalSection(ProjectConfigurationPlatforms) = postSolution
		{761894A9-3DB0-4ADE-A804-23FBFD0A8D5B}.Debug|Any CPU.ActiveCfg = Debug|Any CPU
		{761894A9-3DB0-4ADE-A804-23FBFD0A8D5B}.Debug|Any CPU.Build.0 = Debug|Any CPU
		{761894A9-3DB0-4ADE-A804-23FBFD0A8D5B}.Release|Any CPU.ActiveCfg = Release|Any CPU
		{761894A9-3DB0-4ADE-A804-23FBFD0A8D5B}.Release|Any CPU.Build.0 = Release|Any CPU
		{0879B41B-86F2-449C-81BE-8528601222BB}.Debug|Any CPU.ActiveCfg = Debug|Any CPU
		{0879B41B-86F2-449C-81BE-8528601222BB}.Debug|Any CPU.Build.0 = Debug|Any CPU
		{0879B41B-86F2-449C-81BE-8528601222BB}.Release|Any CPU.ActiveCfg = Release|Any CPU
		{0879B41B-86F2-449C-81BE-8528601222BB}.Release|Any CPU.Build.0 = Release|Any CPU
		{516D5488-CC32-4C20-A8C4-3EAF704D6BDC}.Debug|Any CPU.ActiveCfg = Debug|Any CPU
		{516D5488-CC32-4C20-A8C4-3EAF704D6BDC}.Debug|Any CPU.Build.0 = Debug|Any CPU
		{516D5488-CC32-4C20-A8C4-3EAF704D6BDC}.Release|Any CPU.ActiveCfg = Release|Any CPU
		{516D5488-CC32-4C20-A8C4-3EAF704D6BDC}.Release|Any CPU.Build.0 = Release|Any CPU
		{61254A19-E934-437C-8940-A1B0FBEB2D05}.Debug|Any CPU.ActiveCfg = Debug|Any CPU
		{61254A19-E934-437C-8940-A1B0FBEB2D05}.Debug|Any CPU.Build.0 = Debug|Any CPU
		{61254A19-E934-437C-8940-A1B0FBEB2D05}.Release|Any CPU.ActiveCfg = Release|Any CPU
		{61254A19-E934-437C-8940-A1B0FBEB2D05}.Release|Any CPU.Build.0 = Release|Any CPU
		{1014740B-13A3-4C94-A044-A77B7D39C7E5}.Debug|Any CPU.ActiveCfg = Debug|Any CPU
		{1014740B-13A3-4C94-A044-A77B7D39C7E5}.Debug|Any CPU.Build.0 = Debug|Any CPU
		{1014740B-13A3-4C94-A044-A77B7D39C7E5}.Release|Any CPU.ActiveCfg = Release|Any CPU
		{1014740B-13A3-4C94-A044-A77B7D39C7E5}.Release|Any CPU.Build.0 = Release|Any CPU
		{8F6686CB-0D81-48F6-A757-921F7BC95C4E}.Debug|Any CPU.ActiveCfg = Debug|Any CPU
		{8F6686CB-0D81-48F6-A757-921F7BC95C4E}.Debug|Any CPU.Build.0 = Debug|Any CPU
		{8F6686CB-0D81-48F6-A757-921F7BC95C4E}.Release|Any CPU.ActiveCfg = Release|Any CPU
		{8F6686CB-0D81-48F6-A757-921F7BC95C4E}.Release|Any CPU.Build.0 = Release|Any CPU
		{9E471D5F-8953-4F8D-BCE6-D1BD34B95F2E}.Debug|Any CPU.ActiveCfg = Debug|Any CPU
		{9E471D5F-8953-4F8D-BCE6-D1BD34B95F2E}.Debug|Any CPU.Build.0 = Debug|Any CPU
		{9E471D5F-8953-4F8D-BCE6-D1BD34B95F2E}.Release|Any CPU.ActiveCfg = Release|Any CPU
		{9E471D5F-8953-4F8D-BCE6-D1BD34B95F2E}.Release|Any CPU.Build.0 = Release|Any CPU
		{88110C1E-31CF-49F1-9AFF-36AEB5280FF2}.Debug|Any CPU.ActiveCfg = Debug|Any CPU
		{88110C1E-31CF-49F1-9AFF-36AEB5280FF2}.Debug|Any CPU.Build.0 = Debug|Any CPU
		{88110C1E-31CF-49F1-9AFF-36AEB5280FF2}.Release|Any CPU.ActiveCfg = Release|Any CPU
		{88110C1E-31CF-49F1-9AFF-36AEB5280FF2}.Release|Any CPU.Build.0 = Release|Any CPU
		{2B598E87-CE04-4D1D-B9D6-56EF7F9B0D0D}.Debug|Any CPU.ActiveCfg = Debug|Any CPU
		{2B598E87-CE04-4D1D-B9D6-56EF7F9B0D0D}.Debug|Any CPU.Build.0 = Debug|Any CPU
		{2B598E87-CE04-4D1D-B9D6-56EF7F9B0D0D}.Release|Any CPU.ActiveCfg = Release|Any CPU
		{2B598E87-CE04-4D1D-B9D6-56EF7F9B0D0D}.Release|Any CPU.Build.0 = Release|Any CPU
	EndGlobalSection
	GlobalSection(SolutionProperties) = preSolution
		HideSolutionNode = FALSE
	EndGlobalSection
	GlobalSection(NestedProjects) = preSolution
		{761894A9-3DB0-4ADE-A804-23FBFD0A8D5B} = {5E0DDBB3-2830-439C-9276-70A0BB5744D8}
		{0879B41B-86F2-449C-81BE-8528601222BB} = {5E0DDBB3-2830-439C-9276-70A0BB5744D8}
		{516D5488-CC32-4C20-A8C4-3EAF704D6BDC} = {5E0DDBB3-2830-439C-9276-70A0BB5744D8}
		{61254A19-E934-437C-8940-A1B0FBEB2D05} = {BFDCD087-36EE-4123-9E2D-F9772993C1E4}
		{1014740B-13A3-4C94-A044-A77B7D39C7E5} = {BFDCD087-36EE-4123-9E2D-F9772993C1E4}
		{8F6686CB-0D81-48F6-A757-921F7BC95C4E} = {BFDCD087-36EE-4123-9E2D-F9772993C1E4}
		{9E471D5F-8953-4F8D-BCE6-D1BD34B95F2E} = {EDB15ED5-C1F2-404D-B118-E073BB8309A2}
		{88110C1E-31CF-49F1-9AFF-36AEB5280FF2} = {EDB15ED5-C1F2-404D-B118-E073BB8309A2}
		{2B598E87-CE04-4D1D-B9D6-56EF7F9B0D0D} = {EDB15ED5-C1F2-404D-B118-E073BB8309A2}
	EndGlobalSection
	GlobalSection(ExtensibilityGlobals) = postSolution
		SolutionGuid = {9D5B022D-DCA5-4A13-BAB4-0CFBFFC40AE1}
	EndGlobalSection
EndGlobal
